{
  "name": "bun-apetit",
  "version": "1.0.0",
  "lockfileVersion": 2,
  "requires": true,
  "packages": {
    "": {
      "name": "bun-apetit",
      "version": "1.0.0",
      "license": "ISC",
      "dependencies": {
        "urlpattern-polyfill": "^5.0.3"
      }
    },
    "node_modules/urlpattern-polyfill": {
      "version": "5.0.3",
      "resolved": "https://registry.npmjs.org/urlpattern-polyfill/-/urlpattern-polyfill-5.0.3.tgz",
      "integrity": "sha512-fDnGF6lV6KQUpGhrOyRLgYx8U/zbMelFn1j4aqIGojHIvw+uDSRcBmalOsu1MvWd86HaEnGkihRyko53CSJ8EA=="
    }
  },
  "dependencies": {
    "urlpattern-polyfill": {
      "version": "5.0.3",
      "resolved": "https://registry.npmjs.org/urlpattern-polyfill/-/urlpattern-polyfill-5.0.3.tgz",
      "integrity": "sha512-fDnGF6lV6KQUpGhrOyRLgYx8U/zbMelFn1j4aqIGojHIvw+uDSRcBmalOsu1MvWd86HaEnGkihRyko53CSJ8EA=="
    }
  }
}
